
Microsoft Visual Studio Solution File, Format Version 12.00
# Visual Studio Version 16
VisualStudioVersion = 16.0.31702.278
MinimumVisualStudioVersion = 10.0.40219.1
Project("{FAE04EC0-301F-11D3-BF4B-00C04F79EFBC}") = "Module 1_Exercise 21_1", "Module 1_Exercise 21_1\Module 1_Exercise 21_1.csproj", "{C5833043-A62D-47A9-A978-86EC227543AE}"
EndProject
Global
	GlobalSection(SolutionConfigurationPlatforms) = preSolution
		Debug|Any CPU = Debug|Any CPU
		Release|Any CPU = Release|Any CPU
	EndGlobalSection
	GlobalSection(ProjectConfigurationPlatforms) = postSolution
		{C5833043-A62D-47A9-A978-86EC227543AE}.Debug|Any CPU.ActiveCfg = Debug|Any CPU
		{C5833043-A62D-47A9-A978-86EC227543AE}.Debug|Any CPU.Build.0 = Debug|Any CPU
		{C5833043-A62D-47A9-A978-86EC227543AE}.Release|Any CPU.ActiveCfg = Release|Any CPU
		{C5833043-A62D-47A9-A978-86EC227543AE}.Release|Any CPU.Build.0 = Release|Any CPU
	EndGlobalSection
	GlobalSection(SolutionProperties) = preSolution
		HideSolutionNode = FALSE
	EndGlobalSection
	GlobalSection(ExtensibilityGlobals) = postSolution
		SolutionGuid = {BD98F486-10DB-4F1A-9705-05E9191260ED}
	EndGlobalSection
EndGlobal
